
Microsoft Visual Studio Solution File, Format Version 12.00
# Visual Studio Version 17
VisualStudioVersion = 17.14.36401.2 d17.14
MinimumVisualStudioVersion = 10.0.40219.1
Project("{FAE04EC0-301F-11D3-BF4B-00C04F79EFBC}") = "Book_Store", "Book_Store\Book_Store.csproj", "{BF604F4D-906B-44BE-9C8B-9926D9B11140}"
EndProject
Global
	GlobalSection(SolutionConfigurationPlatforms) = preSolution
		Debug|Any CPU = Debug|Any CPU
		Release|Any CPU = Release|Any CPU
	EndGlobalSection
	GlobalSection(ProjectConfigurationPlatforms) = postSolution
		{BF604F4D-906B-44BE-9C8B-9926D9B11140}.Debug|Any CPU.ActiveCfg = Debug|Any CPU
		{BF604F4D-906B-44BE-9C8B-9926D9B11140}.Debug|Any CPU.Build.0 = Debug|Any CPU
		{BF604F4D-906B-44BE-9C8B-9926D9B11140}.Release|Any CPU.ActiveCfg = Release|Any CPU
		{BF604F4D-906B-44BE-9C8B-9926D9B11140}.Release|Any CPU.Build.0 = Release|Any CPU
	EndGlobalSection
	GlobalSection(SolutionProperties) = preSolution
		HideSolutionNode = FALSE
	EndGlobalSection
	GlobalSection(ExtensibilityGlobals) = postSolution
		SolutionGuid = {49BB9247-2EE0-4363-A5E1-DFF26FC4AA70}
	EndGlobalSection
EndGlobal
